// !$*UTF8*$!
{
	archiveVersion = 1;
	classes = {
	};
	objectVersion = 46;
	objects = {

/* Begin PBXBuildFile section */
		7C2373321E1B3E8E0082099D /* RNFrostedSidebar.m in Sources */ = {isa = PBXBuildFile; fileRef = 7C2373311E1B3E8E0082099D /* RNFrostedSidebar.m */; };
		7C23733D1E1B41CF0082099D /* UNClassListController.m in Sources */ = {isa = PBXBuildFile; fileRef = 7C23733C1E1B41CF0082099D /* UNClassListController.m */; };
		7C2373401E1B6C1C0082099D /* UNStudentsListController.m in Sources */ = {isa = PBXBuildFile; fileRef = 7C23733F1E1B6C1C0082099D /* UNStudentsListController.m */; };
		7C2373441E1B78720082099D /* UNStudentController.m in Sources */ = {isa = PBXBuildFile; fileRef = 7C2373421E1B78720082099D /* UNStudentController.m */; };
		7C2373451E1B78720082099D /* UNStudentController.xib in Resources */ = {isa = PBXBuildFile; fileRef = 7C2373431E1B78720082099D /* UNStudentController.xib */; };
		7CC8FF8C1E160A7D00674990 /* UNSetUpController.m in Sources */ = {isa = PBXBuildFile; fileRef = 7CC8FF8B1E160A7D00674990 /* UNSetUpController.m */; };
		7CC8FF901E160F6900674990 /* UNUserLeftHeaderCell.m in Sources */ = {isa = PBXBuildFile; fileRef = 7CC8FF8E1E160F6900674990 /* UNUserLeftHeaderCell.m */; };
		7CC8FF911E160F6900674990 /* UNUserLeftHeaderCell.xib in Resources */ = {isa = PBXBuildFile; fileRef = 7CC8FF8F1E160F6900674990 /* UNUserLeftHeaderCell.xib */; };
		7CC8FF9D1E16215700674990 /* NSObject+Parse.m in Sources */ = {isa = PBXBuildFile; fileRef = 7CC8FF981E16215700674990 /* NSObject+Parse.m */; };
		7CC8FF9E1E16215700674990 /* UIColor+RandomColor.m in Sources */ = {isa = PBXBuildFile; fileRef = 7CC8FF9A1E16215700674990 /* UIColor+RandomColor.m */; };
		7CC8FF9F1E16215700674990 /* UIView+HUD.m in Sources */ = {isa = PBXBuildFile; fileRef = 7CC8FF9C1E16215700674990 /* UIView+HUD.m */; };
		7CC8FFA31E16224900674990 /* UNUserLoginRegisterController.m in Sources */ = {isa = PBXBuildFile; fileRef = 7CC8FFA11E16224900674990 /* UNUserLoginRegisterController.m */; };
		7CC8FFA41E16224900674990 /* UNUserLoginRegisterController.xib in Resources */ = {isa = PBXBuildFile; fileRef = 7CC8FFA21E16224900674990 /* UNUserLoginRegisterController.xib */; };
		7CC8FFAD1E1627F200674990 /* UNUserLoginRegisterDetailController.m in Sources */ = {isa = PBXBuildFile; fileRef = 7CC8FFAB1E1627F200674990 /* UNUserLoginRegisterDetailController.m */; };
		7CC8FFAE1E1627F200674990 /* UNUserLoginRegisterDetailController.xib in Resources */ = {isa = PBXBuildFile; fileRef = 7CC8FFAC1E1627F200674990 /* UNUserLoginRegisterDetailController.xib */; };
		7CC8FFBB1E16464500674990 /* EditUserInfoViewController.m in Sources */ = {isa = PBXBuildFile; fileRef = 7CC8FFB41E16464500674990 /* EditUserInfoViewController.m */; };
		7CC8FFBC1E16464500674990 /* EditUserInfoViewController.xib in Resources */ = {isa = PBXBuildFile; fileRef = 7CC8FFB51E16464500674990 /* EditUserInfoViewController.xib */; };
		7CC8FFBD1E16464500674990 /* UNUserInfoController.m in Sources */ = {isa = PBXBuildFile; fileRef = 7CC8FFB71E16464500674990 /* UNUserInfoController.m */; };
		7CC8FFBE1E16464500674990 /* UserinfoHeaderCell.m in Sources */ = {isa = PBXBuildFile; fileRef = 7CC8FFB91E16464500674990 /* UserinfoHeaderCell.m */; };
		7CC8FFBF1E16464500674990 /* UserinfoHeaderCell.xib in Resources */ = {isa = PBXBuildFile; fileRef = 7CC8FFBA1E16464500674990 /* UserinfoHeaderCell.xib */; };
		7CC8FFC21E164A0C00674990 /* UserInfoModel.m in Sources */ = {isa = PBXBuildFile; fileRef = 7CC8FFC11E164A0C00674990 /* UserInfoModel.m */; };
		7CF1E3391E15EA3E0035B6D0 /* main.m in Sources */ = {isa = PBXBuildFile; fileRef = 7CF1E3381E15EA3E0035B6D0 /* main.m */; };
		7CF1E33C1E15EA3E0035B6D0 /* AppDelegate.m in Sources */ = {isa = PBXBuildFile; fileRef = 7CF1E33B1E15EA3E0035B6D0 /* AppDelegate.m */; };
		7CF1E3421E15EA3E0035B6D0 /* Main.storyboard in Resources */ = {isa = PBXBuildFile; fileRef = 7CF1E3401E15EA3E0035B6D0 /* Main.storyboard */; };
		7CF1E3441E15EA3E0035B6D0 /* Assets.xcassets in Resources */ = {isa = PBXBuildFile; fileRef = 7CF1E3431E15EA3E0035B6D0 /* Assets.xcassets */; };
		7CF1E3471E15EA3E0035B6D0 /* LaunchScreen.storyboard in Resources */ = {isa = PBXBuildFile; fileRef = 7CF1E3451E15EA3E0035B6D0 /* LaunchScreen.storyboard */; };
		7CF1E3521E15EA3E0035B6D0 /* LearnEnglishTests.m in Sources */ = {isa = PBXBuildFile; fileRef = 7CF1E3511E15EA3E0035B6D0 /* LearnEnglishTests.m */; };
		7CF1E35D1E15EA3E0035B6D0 /* LearnEnglishUITests.m in Sources */ = {isa = PBXBuildFile; fileRef = 7CF1E35C1E15EA3E0035B6D0 /* LearnEnglishUITests.m */; };
		7CF1E3721E15F3EB0035B6D0 /* RECommonFunctions.m in Sources */ = {isa = PBXBuildFile; fileRef = 7CF1E36D1E15F3EB0035B6D0 /* RECommonFunctions.m */; };
		7CF1E3731E15F3EB0035B6D0 /* RESideMenu.m in Sources */ = {isa = PBXBuildFile; fileRef = 7CF1E36F1E15F3EB0035B6D0 /* RESideMenu.m */; };
		7CF1E3741E15F3EB0035B6D0 /* UIViewController+RESideMenu.m in Sources */ = {isa = PBXBuildFile; fileRef = 7CF1E3711E15F3EB0035B6D0 /* UIViewController+RESideMenu.m */; };
		7CF1E37F1E15F6070035B6D0 /* UNMainTableViewController.m in Sources */ = {isa = PBXBuildFile; fileRef = 7CF1E37E1E15F6070035B6D0 /* UNMainTableViewController.m */; };
		7CF1E3831E15F6660035B6D0 /* UNLeftMenuController.m in Sources */ = {isa = PBXBuildFile; fileRef = 7CF1E3811E15F6660035B6D0 /* UNLeftMenuController.m */; };
		988943F399A0740986879CA7 /* Pods_LearnEnglish.framework in Frameworks */ = {isa = PBXBuildFile; fileRef = FAEFF76928DFC5F0E06BBFE9 /* Pods_LearnEnglish.framework */; };
/* End PBXBuildFile section */

/* Begin PBXContainerItemProxy section */
		7CF1E34E1E15EA3E0035B6D0 /* PBXContainerItemProxy */ = {
			isa = PBXContainerItemProxy;
			containerPortal = 7CF1E32C1E15EA3E0035B6D0 /* Project object */;
			proxyType = 1;
			remoteGlobalIDString = 7CF1E3331E15EA3E0035B6D0;
			remoteInfo = LearnEnglish;
		};
		7CF1E3591E15EA3E0035B6D0 /* PBXContainerItemProxy */ = {
			isa = PBXContainerItemProxy;
			containerPortal = 7CF1E32C1E15EA3E0035B6D0 /* Project object */;
			proxyType = 1;
			remoteGlobalIDString = 7CF1E3331E15EA3E0035B6D0;
			remoteInfo = LearnEnglish;
		};
/* End PBXContainerItemProxy section */

/* Begin PBXFileReference section */
		7C2373301E1B3E8E0082099D /* RNFrostedSidebar.h */ = {isa = PBXFileReference; fileEncoding = 4; lastKnownFileType = sourcecode.c.h; path = RNFrostedSidebar.h; sourceTree = "<group>"; };
		7C2373311E1B3E8E0082099D /* RNFrostedSidebar.m */ = {isa = PBXFileReference; fileEncoding = 4; lastKnownFileType = sourcecode.c.objc; path = RNFrostedSidebar.m; sourceTree = "<group>"; };
		7C23733B1E1B41CF0082099D /* UNClassListController.h */ = {isa = PBXFileReference; fileEncoding = 4; lastKnownFileType = sourcecode.c.h; path = UNClassListController.h; sourceTree = "<group>"; };
		7C23733C1E1B41CF0082099D /* UNClassListController.m */ = {isa = PBXFileReference; fileEncoding = 4; lastKnownFileType = sourcecode.c.objc; path = UNClassListController.m; sourceTree = "<group>"; };
		7C23733E1E1B6C1C0082099D /* UNStudentsListController.h */ = {isa = PBXFileReference; fileEncoding = 4; lastKnownFileType = sourcecode.c.h; path = UNStudentsListController.h; sourceTree = "<group>"; };
		7C23733F1E1B6C1C0082099D /* UNStudentsListController.m */ = {isa = PBXFileReference; fileEncoding = 4; lastKnownFileType = sourcecode.c.objc; path = UNStudentsListController.m; sourceTree = "<group>"; };
		7C2373411E1B78720082099D /* UNStudentController.h */ = {isa = PBXFileReference; fileEncoding = 4; lastKnownFileType = sourcecode.c.h; path = UNStudentController.h; sourceTree = "<group>"; };
		7C2373421E1B78720082099D /* UNStudentController.m */ = {isa = PBXFileReference; fileEncoding = 4; lastKnownFileType = sourcecode.c.objc; path = UNStudentController.m; sourceTree = "<group>"; };
		7C2373431E1B78720082099D /* UNStudentController.xib */ = {isa = PBXFileReference; fileEncoding = 4; lastKnownFileType = file.xib; path = UNStudentController.xib; sourceTree = "<group>"; };
		7CC8FF8A1E160A7D00674990 /* UNSetUpController.h */ = {isa = PBXFileReference; fileEncoding = 4; lastKnownFileType = sourcecode.c.h; path = UNSetUpController.h; sourceTree = "<group>"; };
		7CC8FF8B1E160A7D00674990 /* UNSetUpController.m */ = {isa = PBXFileReference; fileEncoding = 4; lastKnownFileType = sourcecode.c.objc; path = UNSetUpController.m; sourceTree = "<group>"; };
		7CC8FF8D1E160F6900674990 /* UNUserLeftHeaderCell.h */ = {isa = PBXFileReference; fileEncoding = 4; lastKnownFileType = sourcecode.c.h; path = UNUserLeftHeaderCell.h; sourceTree = "<group>"; };
		7CC8FF8E1E160F6900674990 /* UNUserLeftHeaderCell.m */ = {isa = PBXFileReference; fileEncoding = 4; lastKnownFileType = sourcecode.c.objc; path = UNUserLeftHeaderCell.m; sourceTree = "<group>"; };
		7CC8FF8F1E160F6900674990 /* UNUserLeftHeaderCell.xib */ = {isa = PBXFileReference; fileEncoding = 4; lastKnownFileType = file.xib; path = UNUserLeftHeaderCell.xib; sourceTree = "<group>"; };
		7CC8FF971E16215700674990 /* NSObject+Parse.h */ = {isa = PBXFileReference; fileEncoding = 4; lastKnownFileType = sourcecode.c.h; path = "NSObject+Parse.h"; sourceTree = "<group>"; };
		7CC8FF981E16215700674990 /* NSObject+Parse.m */ = {isa = PBXFileReference; fileEncoding = 4; lastKnownFileType = sourcecode.c.objc; path = "NSObject+Parse.m"; sourceTree = "<group>"; };
		7CC8FF991E16215700674990 /* UIColor+RandomColor.h */ = {isa = PBXFileReference; fileEncoding = 4; lastKnownFileType = sourcecode.c.h; path = "UIColor+RandomColor.h"; sourceTree = "<group>"; };
		7CC8FF9A1E16215700674990 /* UIColor+RandomColor.m */ = {isa = PBXFileReference; fileEncoding = 4; lastKnownFileType = sourcecode.c.objc; path = "UIColor+RandomColor.m"; sourceTree = "<group>"; };
		7CC8FF9B1E16215700674990 /* UIView+HUD.h */ = {isa = PBXFileReference; fileEncoding = 4; lastKnownFileType = sourcecode.c.h; path = "UIView+HUD.h"; sourceTree = "<group>"; };
		7CC8FF9C1E16215700674990 /* UIView+HUD.m */ = {isa = PBXFileReference; fileEncoding = 4; lastKnownFileType = sourcecode.c.objc; path = "UIView+HUD.m"; sourceTree = "<group>"; };
		7CC8FFA01E16224900674990 /* UNUserLoginRegisterController.h */ = {isa = PBXFileReference; fileEncoding = 4; lastKnownFileType = sourcecode.c.h; path = UNUserLoginRegisterController.h; sourceTree = "<group>"; };
		7CC8FFA11E16224900674990 /* UNUserLoginRegisterController.m */ = {isa = PBXFileReference; fileEncoding = 4; lastKnownFileType = sourcecode.c.objc; path = UNUserLoginRegisterController.m; sourceTree = "<group>"; };
		7CC8FFA21E16224900674990 /* UNUserLoginRegisterController.xib */ = {isa = PBXFileReference; fileEncoding = 4; lastKnownFileType = file.xib; path = UNUserLoginRegisterController.xib; sourceTree = "<group>"; };
		7CC8FFAA1E1627F200674990 /* UNUserLoginRegisterDetailController.h */ = {isa = PBXFileReference; fileEncoding = 4; lastKnownFileType = sourcecode.c.h; path = UNUserLoginRegisterDetailController.h; sourceTree = "<group>"; };
		7CC8FFAB1E1627F200674990 /* UNUserLoginRegisterDetailController.m */ = {isa = PBXFileReference; fileEncoding = 4; lastKnownFileType = sourcecode.c.objc; path = UNUserLoginRegisterDetailController.m; sourceTree = "<group>"; };
		7CC8FFAC1E1627F200674990 /* UNUserLoginRegisterDetailController.xib */ = {isa = PBXFileReference; fileEncoding = 4; lastKnownFileType = file.xib; path = UNUserLoginRegisterDetailController.xib; sourceTree = "<group>"; };
		7CC8FFB31E16464500674990 /* EditUserInfoViewController.h */ = {isa = PBXFileReference; fileEncoding = 4; lastKnownFileType = sourcecode.c.h; path = EditUserInfoViewController.h; sourceTree = "<group>"; };
		7CC8FFB41E16464500674990 /* EditUserInfoViewController.m */ = {isa = PBXFileReference; fileEncoding = 4; lastKnownFileType = sourcecode.c.objc; path = EditUserInfoViewController.m; sourceTree = "<group>"; };
		7CC8FFB51E16464500674990 /* EditUserInfoViewController.xib */ = {isa = PBXFileReference; fileEncoding = 4; lastKnownFileType = file.xib; path = EditUserInfoViewController.xib; sourceTree = "<group>"; };
		7CC8FFB61E16464500674990 /* UNUserInfoController.h */ = {isa = PBXFileReference; fileEncoding = 4; lastKnownFileType = sourcecode.c.h; path = UNUserInfoController.h; sourceTree = "<group>"; };
		7CC8FFB71E16464500674990 /* UNUserInfoController.m */ = {isa = PBXFileReference; fileEncoding = 4; lastKnownFileType = sourcecode.c.objc; path = UNUserInfoController.m; sourceTree = "<group>"; };
		7CC8FFB81E16464500674990 /* UserinfoHeaderCell.h */ = {isa = PBXFileReference; fileEncoding = 4; lastKnownFileType = sourcecode.c.h; path = UserinfoHeaderCell.h; sourceTree = "<group>"; };
		7CC8FFB91E16464500674990 /* UserinfoHeaderCell.m */ = {isa = PBXFileReference; fileEncoding = 4; lastKnownFileType = sourcecode.c.objc; path = UserinfoHeaderCell.m; sourceTree = "<group>"; };
		7CC8FFBA1E16464500674990 /* UserinfoHeaderCell.xib */ = {isa = PBXFileReference; fileEncoding = 4; lastKnownFileType = file.xib; path = UserinfoHeaderCell.xib; sourceTree = "<group>"; };
		7CC8FFC01E164A0C00674990 /* UserInfoModel.h */ = {isa = PBXFileReference; fileEncoding = 4; lastKnownFileType = sourcecode.c.h; path = UserInfoModel.h; sourceTree = "<group>"; };
		7CC8FFC11E164A0C00674990 /* UserInfoModel.m */ = {isa = PBXFileReference; fileEncoding = 4; lastKnownFileType = sourcecode.c.objc; path = UserInfoModel.m; sourceTree = "<group>"; };
		7CF1E3341E15EA3E0035B6D0 /* LearnEnglish.app */ = {isa = PBXFileReference; explicitFileType = wrapper.application; includeInIndex = 0; path = LearnEnglish.app; sourceTree = BUILT_PRODUCTS_DIR; };
		7CF1E3381E15EA3E0035B6D0 /* main.m */ = {isa = PBXFileReference; lastKnownFileType = sourcecode.c.objc; path = main.m; sourceTree = "<group>"; };
		7CF1E33A1E15EA3E0035B6D0 /* AppDelegate.h */ = {isa = PBXFileReference; lastKnownFileType = sourcecode.c.h; path = AppDelegate.h; sourceTree = "<group>"; };
		7CF1E33B1E15EA3E0035B6D0 /* AppDelegate.m */ = {isa = PBXFileReference; lastKnownFileType = sourcecode.c.objc; path = AppDelegate.m; sourceTree = "<group>"; };
		7CF1E3411E15EA3E0035B6D0 /* Base */ = {isa = PBXFileReference; lastKnownFileType = file.storyboard; name = Base; path = Base.lproj/Main.storyboard; sourceTree = "<group>"; };
		7CF1E3431E15EA3E0035B6D0 /* Assets.xcassets */ = {isa = PBXFileReference; lastKnownFileType = folder.assetcatalog; path = Assets.xcassets; sourceTree = "<group>"; };
		7CF1E3461E15EA3E0035B6D0 /* Base */ = {isa = PBXFileReference; lastKnownFileType = file.storyboard; name = Base; path = Base.lproj/LaunchScreen.storyboard; sourceTree = "<group>"; };
		7CF1E3481E15EA3E0035B6D0 /* Info.plist */ = {isa = PBXFileReference; lastKnownFileType = text.plist.xml; path = Info.plist; sourceTree = "<group>"; };
		7CF1E34D1E15EA3E0035B6D0 /* LearnEnglishTests.xctest */ = {isa = PBXFileReference; explicitFileType = wrapper.cfbundle; includeInIndex = 0; path = LearnEnglishTests.xctest; sourceTree = BUILT_PRODUCTS_DIR; };
		7CF1E3511E15EA3E0035B6D0 /* LearnEnglishTests.m */ = {isa = PBXFileReference; lastKnownFileType = sourcecode.c.objc; path = LearnEnglishTests.m; sourceTree = "<group>"; };
		7CF1E3531E15EA3E0035B6D0 /* Info.plist */ = {isa = PBXFileReference; lastKnownFileType = text.plist.xml; path = Info.plist; sourceTree = "<group>"; };
		7CF1E3581E15EA3E0035B6D0 /* LearnEnglishUITests.xctest */ = {isa = PBXFileReference; explicitFileType = wrapper.cfbundle; includeInIndex = 0; path = LearnEnglishUITests.xctest; sourceTree = BUILT_PRODUCTS_DIR; };
		7CF1E35C1E15EA3E0035B6D0 /* LearnEnglishUITests.m */ = {isa = PBXFileReference; lastKnownFileType = sourcecode.c.objc; path = LearnEnglishUITests.m; sourceTree = "<group>"; };
		7CF1E35E1E15EA3E0035B6D0 /* Info.plist */ = {isa = PBXFileReference; lastKnownFileType = text.plist.xml; path = Info.plist; sourceTree = "<group>"; };
		7CF1E36C1E15F3EB0035B6D0 /* RECommonFunctions.h */ = {isa = PBXFileReference; fileEncoding = 4; lastKnownFileType = sourcecode.c.h; path = RECommonFunctions.h; sourceTree = "<group>"; };
		7CF1E36D1E15F3EB0035B6D0 /* RECommonFunctions.m */ = {isa = PBXFileReference; fileEncoding = 4; lastKnownFileType = sourcecode.c.objc; path = RECommonFunctions.m; sourceTree = "<group>"; };
		7CF1E36E1E15F3EB0035B6D0 /* RESideMenu.h */ = {isa = PBXFileReference; fileEncoding = 4; lastKnownFileType = sourcecode.c.h; path = RESideMenu.h; sourceTree = "<group>"; };
		7CF1E36F1E15F3EB0035B6D0 /* RESideMenu.m */ = {isa = PBXFileReference; fileEncoding = 4; lastKnownFileType = sourcecode.c.objc; path = RESideMenu.m; sourceTree = "<group>"; };
		7CF1E3701E15F3EB0035B6D0 /* UIViewController+RESideMenu.h */ = {isa = PBXFileReference; fileEncoding = 4; lastKnownFileType = sourcecode.c.h; path = "UIViewController+RESideMenu.h"; sourceTree = "<group>"; };
		7CF1E3711E15F3EB0035B6D0 /* UIViewController+RESideMenu.m */ = {isa = PBXFileReference; fileEncoding = 4; lastKnownFileType = sourcecode.c.objc; path = "UIViewController+RESideMenu.m"; sourceTree = "<group>"; };
		7CF1E37D1E15F6070035B6D0 /* UNMainTableViewController.h */ = {isa = PBXFileReference; fileEncoding = 4; lastKnownFileType = sourcecode.c.h; path = UNMainTableViewController.h; sourceTree = "<group>"; };
		7CF1E37E1E15F6070035B6D0 /* UNMainTableViewController.m */ = {isa = PBXFileReference; fileEncoding = 4; lastKnownFileType = sourcecode.c.objc; path = UNMainTableViewController.m; sourceTree = "<group>"; };
		7CF1E3801E15F6660035B6D0 /* UNLeftMenuController.h */ = {isa = PBXFileReference; fileEncoding = 4; lastKnownFileType = sourcecode.c.h; path = UNLeftMenuController.h; sourceTree = "<group>"; };
		7CF1E3811E15F6660035B6D0 /* UNLeftMenuController.m */ = {isa = PBXFileReference; fileEncoding = 4; lastKnownFileType = sourcecode.c.objc; path = UNLeftMenuController.m; sourceTree = "<group>"; };
		7CF1E3851E15F6920035B6D0 /* PrefixHeader.pch */ = {isa = PBXFileReference; lastKnownFileType = sourcecode.c.h; path = PrefixHeader.pch; sourceTree = "<group>"; };
		7CF1E3861E15F6DD0035B6D0 /* Constant.h */ = {isa = PBXFileReference; lastKnownFileType = sourcecode.c.h; path = Constant.h; sourceTree = "<group>"; };
		9A8A6D32C55A47ABADC0FC6C /* Pods-LearnEnglish.debug.xcconfig */ = {isa = PBXFileReference; includeInIndex = 1; lastKnownFileType = text.xcconfig; name = "Pods-LearnEnglish.debug.xcconfig"; path = "Pods/Target Support Files/Pods-LearnEnglish/Pods-LearnEnglish.debug.xcconfig"; sourceTree = "<group>"; };
		D5EFBA307CB07E96FA01BDC7 /* Pods-LearnEnglish.release.xcconfig */ = {isa = PBXFileReference; includeInIndex = 1; lastKnownFileType = text.xcconfig; name = "Pods-LearnEnglish.release.xcconfig"; path = "Pods/Target Support Files/Pods-LearnEnglish/Pods-LearnEnglish.release.xcconfig"; sourceTree = "<group>"; };
		FAEFF76928DFC5F0E06BBFE9 /* Pods_LearnEnglish.framework */ = {isa = PBXFileReference; explicitFileType = wrapper.framework; includeInIndex = 0; path = Pods_LearnEnglish.framework; sourceTree = BUILT_PRODUCTS_DIR; };
/* End PBXFileReference section */

/* Begin PBXFrameworksBuildPhase section */
		7CF1E3311E15EA3E0035B6D0 /* Frameworks */ = {
			isa = PBXFrameworksBuildPhase;
			buildActionMask = 2147483647;
			files = (
				988943F399A0740986879CA7 /* Pods_LearnEnglish.framework in Frameworks */,
			);
			runOnlyForDeploymentPostprocessing = 0;
		};
		7CF1E34A1E15EA3E0035B6D0 /* Frameworks */ = {
			isa = PBXFrameworksBuildPhase;
			buildActionMask = 2147483647;
			files = (
			);
			runOnlyForDeploymentPostprocessing = 0;
		};
		7CF1E3551E15EA3E0035B6D0 /* Frameworks */ = {
			isa = PBXFrameworksBuildPhase;
			buildActionMask = 2147483647;
			files = (
			);
			runOnlyForDeploymentPostprocessing = 0;
		};
/* End PBXFrameworksBuildPhase section */

/* Begin PBXGroup section */
		3A6E57ACEDAECC0919E535D7 /* Pods */ = {
			isa = PBXGroup;
			children = (
				9A8A6D32C55A47ABADC0FC6C /* Pods-LearnEnglish.debug.xcconfig */,
				D5EFBA307CB07E96FA01BDC7 /* Pods-LearnEnglish.release.xcconfig */,
			);
			name = Pods;
			sourceTree = "<group>";
		};
		7C23732C1E1B394F0082099D /* RNFrostedSidebar */ = {
			isa = PBXGroup;
			children = (
				7C2373301E1B3E8E0082099D /* RNFrostedSidebar.h */,
				7C2373311E1B3E8E0082099D /* RNFrostedSidebar.m */,
			);
			path = RNFrostedSidebar;
			sourceTree = "<group>";
		};
		7C2373331E1B41AD0082099D /* ClassList */ = {
			isa = PBXGroup;
			children = (
				7C2373341E1B41AD0082099D /* Controller */,
				7C2373351E1B41AD0082099D /* Model */,
				7C2373361E1B41AD0082099D /* View */,
			);
			path = ClassList;
			sourceTree = "<group>";
		};
		7C2373341E1B41AD0082099D /* Controller */ = {
			isa = PBXGroup;
			children = (
				7C23733B1E1B41CF0082099D /* UNClassListController.h */,
				7C23733C1E1B41CF0082099D /* UNClassListController.m */,
			);
			path = Controller;
			sourceTree = "<group>";
		};
		7C2373351E1B41AD0082099D /* Model */ = {
			isa = PBXGroup;
			children = (
			);
			path = Model;
			sourceTree = "<group>";
		};
		7C2373361E1B41AD0082099D /* View */ = {
			isa = PBXGroup;
			children = (
			);
			path = View;
			sourceTree = "<group>";
		};
		7C2373371E1B41AD0082099D /* StudentsList */ = {
			isa = PBXGroup;
			children = (
				7C2373381E1B41AD0082099D /* Controller */,
				7C2373391E1B41AD0082099D /* Model */,
				7C23733A1E1B41AD0082099D /* View */,
			);
			path = StudentsList;
			sourceTree = "<group>";
		};
		7C2373381E1B41AD0082099D /* Controller */ = {
			isa = PBXGroup;
			children = (
				7C23733E1E1B6C1C0082099D /* UNStudentsListController.h */,
				7C23733F1E1B6C1C0082099D /* UNStudentsListController.m */,
				7C2373411E1B78720082099D /* UNStudentController.h */,
				7C2373421E1B78720082099D /* UNStudentController.m */,
				7C2373431E1B78720082099D /* UNStudentController.xib */,
			);
			path = Controller;
			sourceTree = "<group>";
		};
		7C2373391E1B41AD0082099D /* Model */ = {
			isa = PBXGroup;
			children = (
			);
			path = Model;
			sourceTree = "<group>";
		};
		7C23733A1E1B41AD0082099D /* View */ = {
			isa = PBXGroup;
			children = (
			);
			path = View;
			sourceTree = "<group>";
		};
		7CC8FF861E160A5500674990 /* SetUp */ = {
			isa = PBXGroup;
			children = (
				7CC8FF871E160A5500674990 /* Controller */,
				7CC8FF881E160A5500674990 /* Model */,
				7CC8FF891E160A5500674990 /* View */,
			);
			path = SetUp;
			sourceTree = "<group>";
		};
		7CC8FF871E160A5500674990 /* Controller */ = {
			isa = PBXGroup;
			children = (
				7CC8FF8A1E160A7D00674990 /* UNSetUpController.h */,
				7CC8FF8B1E160A7D00674990 /* UNSetUpController.m */,
			);
			path = Controller;
			sourceTree = "<group>";
		};
		7CC8FF881E160A5500674990 /* Model */ = {
			isa = PBXGroup;
			children = (
			);
			path = Model;
			sourceTree = "<group>";
		};
		7CC8FF891E160A5500674990 /* View */ = {
			isa = PBXGroup;
			children = (
			);
			path = View;
			sourceTree = "<group>";
		};
		7CC8FF921E16132300674990 /* LoginRegister */ = {
			isa = PBXGroup;
			children = (
				7CC8FFAF1E16462500674990 /* UserInfo */,
				7CC8FF931E16132300674990 /* Controller */,
				7CC8FF941E16132300674990 /* Model */,
				7CC8FF951E16132300674990 /* View */,
			);
			path = LoginRegister;
			sourceTree = "<group>";
		};
		7CC8FF931E16132300674990 /* Controller */ = {
			isa = PBXGroup;
			children = (
				7CC8FFA01E16224900674990 /* UNUserLoginRegisterController.h */,
				7CC8FFA11E16224900674990 /* UNUserLoginRegisterController.m */,
				7CC8FFA21E16224900674990 /* UNUserLoginRegisterController.xib */,
				7CC8FFAA1E1627F200674990 /* UNUserLoginRegisterDetailController.h */,
				7CC8FFAB1E1627F200674990 /* UNUserLoginRegisterDetailController.m */,
				7CC8FFAC1E1627F200674990 /* UNUserLoginRegisterDetailController.xib */,
			);
			path = Controller;
			sourceTree = "<group>";
		};
		7CC8FF941E16132300674990 /* Model */ = {
			isa = PBXGroup;
			children = (
			);
			path = Model;
			sourceTree = "<group>";
		};
		7CC8FF951E16132300674990 /* View */ = {
			isa = PBXGroup;
			children = (
			);
			path = View;
			sourceTree = "<group>";
		};
		7CC8FF961E16215700674990 /* Category */ = {
			isa = PBXGroup;
			children = (
				7CC8FF971E16215700674990 /* NSObject+Parse.h */,
				7CC8FF981E16215700674990 /* NSObject+Parse.m */,
				7CC8FF991E16215700674990 /* UIColor+RandomColor.h */,
				7CC8FF9A1E16215700674990 /* UIColor+RandomColor.m */,
				7CC8FF9B1E16215700674990 /* UIView+HUD.h */,
				7CC8FF9C1E16215700674990 /* UIView+HUD.m */,
			);
			path = Category;
			sourceTree = "<group>";
		};
		7CC8FFAF1E16462500674990 /* UserInfo */ = {
			isa = PBXGroup;
			children = (
				7CC8FFB01E16462500674990 /* Controller */,
				7CC8FFB11E16462500674990 /* Model */,
				7CC8FFB21E16462500674990 /* View */,
			);
			path = UserInfo;
			sourceTree = "<group>";
		};
		7CC8FFB01E16462500674990 /* Controller */ = {
			isa = PBXGroup;
			children = (
				7CC8FFB31E16464500674990 /* EditUserInfoViewController.h */,
				7CC8FFB41E16464500674990 /* EditUserInfoViewController.m */,
				7CC8FFB51E16464500674990 /* EditUserInfoViewController.xib */,
				7CC8FFB61E16464500674990 /* UNUserInfoController.h */,
				7CC8FFB71E16464500674990 /* UNUserInfoController.m */,
				7CC8FFB81E16464500674990 /* UserinfoHeaderCell.h */,
				7CC8FFB91E16464500674990 /* UserinfoHeaderCell.m */,
				7CC8FFBA1E16464500674990 /* UserinfoHeaderCell.xib */,
			);
			path = Controller;
			sourceTree = "<group>";
		};
		7CC8FFB11E16462500674990 /* Model */ = {
			isa = PBXGroup;
			children = (
				7CC8FFC01E164A0C00674990 /* UserInfoModel.h */,
				7CC8FFC11E164A0C00674990 /* UserInfoModel.m */,
			);
			path = Model;
			sourceTree = "<group>";
		};
		7CC8FFB21E16462500674990 /* View */ = {
			isa = PBXGroup;
			children = (
			);
			path = View;
			sourceTree = "<group>";
		};
		7CF1E32B1E15EA3E0035B6D0 = {
			isa = PBXGroup;
			children = (
				7CF1E3361E15EA3E0035B6D0 /* LearnEnglish */,
				7CF1E3501E15EA3E0035B6D0 /* LearnEnglishTests */,
				7CF1E35B1E15EA3E0035B6D0 /* LearnEnglishUITests */,
				7CF1E3351E15EA3E0035B6D0 /* Products */,
				3A6E57ACEDAECC0919E535D7 /* Pods */,
				A97F3D083D39B8DAFC63C407 /* Frameworks */,
			);
			sourceTree = "<group>";
		};
		7CF1E3351E15EA3E0035B6D0 /* Products */ = {
			isa = PBXGroup;
			children = (
				7CF1E3341E15EA3E0035B6D0 /* LearnEnglish.app */,
				7CF1E34D1E15EA3E0035B6D0 /* LearnEnglishTests.xctest */,
				7CF1E3581E15EA3E0035B6D0 /* LearnEnglishUITests.xctest */,
			);
			name = Products;
			sourceTree = "<group>";
		};
		7CF1E3361E15EA3E0035B6D0 /* LearnEnglish */ = {
			isa = PBXGroup;
			children = (
				7CF1E33A1E15EA3E0035B6D0 /* AppDelegate.h */,
				7CF1E33B1E15EA3E0035B6D0 /* AppDelegate.m */,
				7CF1E3401E15EA3E0035B6D0 /* Main.storyboard */,
				7CF1E3791E15F5940035B6D0 /* LeftMenu */,
				7CC8FF921E16132300674990 /* LoginRegister */,
				7CC8FF861E160A5500674990 /* SetUp */,
				7CF1E3751E15F5580035B6D0 /* Main */,
				7C2373331E1B41AD0082099D /* ClassList */,
				7C2373371E1B41AD0082099D /* StudentsList */,
				7CF1E3431E15EA3E0035B6D0 /* Assets.xcassets */,
				7CF1E3451E15EA3E0035B6D0 /* LaunchScreen.storyboard */,
				7CF1E3481E15EA3E0035B6D0 /* Info.plist */,
				7CC8FF961E16215700674990 /* Category */,
				7CF1E36A1E15F3A40035B6D0 /* Vendor */,
				7CF1E3371E15EA3E0035B6D0 /* Supporting Files */,
			);
			path = LearnEnglish;
			sourceTree = "<group>";
		};
		7CF1E3371E15EA3E0035B6D0 /* Supporting Files */ = {
			isa = PBXGroup;
			children = (
				7CF1E3381E15EA3E0035B6D0 /* main.m */,
				7CF1E3861E15F6DD0035B6D0 /* Constant.h */,
				7CF1E3851E15F6920035B6D0 /* PrefixHeader.pch */,
			);
			name = "Supporting Files";
			sourceTree = "<group>";
		};
		7CF1E3501E15EA3E0035B6D0 /* LearnEnglishTests */ = {
			isa = PBXGroup;
			children = (
				7CF1E3511E15EA3E0035B6D0 /* LearnEnglishTests.m */,
				7CF1E3531E15EA3E0035B6D0 /* Info.plist */,
			);
			path = LearnEnglishTests;
			sourceTree = "<group>";
		};
		7CF1E35B1E15EA3E0035B6D0 /* LearnEnglishUITests */ = {
			isa = PBXGroup;
			children = (
				7CF1E35C1E15EA3E0035B6D0 /* LearnEnglishUITests.m */,
				7CF1E35E1E15EA3E0035B6D0 /* Info.plist */,
			);
			path = LearnEnglishUITests;
			sourceTree = "<group>";
		};
		7CF1E36A1E15F3A40035B6D0 /* Vendor */ = {
			isa = PBXGroup;
			children = (
				7C23732C1E1B394F0082099D /* RNFrostedSidebar */,
				7CF1E36B1E15F3EB0035B6D0 /* RESideMenu */,
			);
			path = Vendor;
			sourceTree = "<group>";
		};
		7CF1E36B1E15F3EB0035B6D0 /* RESideMenu */ = {
			isa = PBXGroup;
			children = (
				7CF1E36C1E15F3EB0035B6D0 /* RECommonFunctions.h */,
				7CF1E36D1E15F3EB0035B6D0 /* RECommonFunctions.m */,
				7CF1E36E1E15F3EB0035B6D0 /* RESideMenu.h */,
				7CF1E36F1E15F3EB0035B6D0 /* RESideMenu.m */,
				7CF1E3701E15F3EB0035B6D0 /* UIViewController+RESideMenu.h */,
				7CF1E3711E15F3EB0035B6D0 /* UIViewController+RESideMenu.m */,
			);
			path = RESideMenu;
			sourceTree = "<group>";
		};
		7CF1E3751E15F5580035B6D0 /* Main */ = {
			isa = PBXGroup;
			children = (
				7CF1E3761E15F5580035B6D0 /* Controller */,
				7CF1E3771E15F5580035B6D0 /* Model */,
				7CF1E3781E15F5580035B6D0 /* View */,
			);
			path = Main;
			sourceTree = "<group>";
		};
		7CF1E3761E15F5580035B6D0 /* Controller */ = {
			isa = PBXGroup;
			children = (
				7CF1E37D1E15F6070035B6D0 /* UNMainTableViewController.h */,
				7CF1E37E1E15F6070035B6D0 /* UNMainTableViewController.m */,
			);
			path = Controller;
			sourceTree = "<group>";
		};
		7CF1E3771E15F5580035B6D0 /* Model */ = {
			isa = PBXGroup;
			children = (
			);
			path = Model;
			sourceTree = "<group>";
		};
		7CF1E3781E15F5580035B6D0 /* View */ = {
			isa = PBXGroup;
			children = (
			);
			path = View;
			sourceTree = "<group>";
		};
		7CF1E3791E15F5940035B6D0 /* LeftMenu */ = {
			isa = PBXGroup;
			children = (
				7CF1E37A1E15F5940035B6D0 /* Controller */,
				7CF1E37B1E15F5940035B6D0 /* Model */,
				7CF1E37C1E15F5940035B6D0 /* View */,
			);
			path = LeftMenu;
			sourceTree = "<group>";
		};
		7CF1E37A1E15F5940035B6D0 /* Controller */ = {
			isa = PBXGroup;
			children = (
				7CF1E3801E15F6660035B6D0 /* UNLeftMenuController.h */,
				7CF1E3811E15F6660035B6D0 /* UNLeftMenuController.m */,
			);
			path = Controller;
			sourceTree = "<group>";
		};
		7CF1E37B1E15F5940035B6D0 /* Model */ = {
			isa = PBXGroup;
			children = (
			);
			path = Model;
			sourceTree = "<group>";
		};
		7CF1E37C1E15F5940035B6D0 /* View */ = {
			isa = PBXGroup;
			children = (
				7CC8FF8D1E160F6900674990 /* UNUserLeftHeaderCell.h */,
				7CC8FF8E1E160F6900674990 /* UNUserLeftHeaderCell.m */,
				7CC8FF8F1E160F6900674990 /* UNUserLeftHeaderCell.xib */,
			);
			path = View;
			sourceTree = "<group>";
		};
		A97F3D083D39B8DAFC63C407 /* Frameworks */ = {
			isa = PBXGroup;
			children = (
				FAEFF76928DFC5F0E06BBFE9 /* Pods_LearnEnglish.framework */,
			);
			name = Frameworks;
			sourceTree = "<group>";
		};
/* End PBXGroup section */

/* Begin PBXNativeTarget section */
		7CF1E3331E15EA3E0035B6D0 /* LearnEnglish */ = {
			isa = PBXNativeTarget;
			buildConfigurationList = 7CF1E3611E15EA3E0035B6D0 /* Build configuration list for PBXNativeTarget "LearnEnglish" */;
			buildPhases = (
				2963D137645412C50A6CE7FF /* [CP] Check Pods Manifest.lock */,
				7CF1E3301E15EA3E0035B6D0 /* Sources */,
				7CF1E3311E15EA3E0035B6D0 /* Frameworks */,
				7CF1E3321E15EA3E0035B6D0 /* Resources */,
				1F08637208A7D2514A69D9CE /* [CP] Embed Pods Frameworks */,
				066AFB5E71E3A6DAD8900663 /* [CP] Copy Pods Resources */,
			);
			buildRules = (
			);
			dependencies = (
			);
			name = LearnEnglish;
			productName = LearnEnglish;
			productReference = 7CF1E3341E15EA3E0035B6D0 /* LearnEnglish.app */;
			productType = "com.apple.product-type.application";
		};
		7CF1E34C1E15EA3E0035B6D0 /* LearnEnglishTests */ = {
			isa = PBXNativeTarget;
			buildConfigurationList = 7CF1E3641E15EA3E0035B6D0 /* Build configuration list for PBXNativeTarget "LearnEnglishTests" */;
			buildPhases = (
				7CF1E3491E15EA3E0035B6D0 /* Sources */,
				7CF1E34A1E15EA3E0035B6D0 /* Frameworks */,
				7CF1E34B1E15EA3E0035B6D0 /* Resources */,
			);
			buildRules = (
			);
			dependencies = (
				7CF1E34F1E15EA3E0035B6D0 /* PBXTargetDependency */,
			);
			name = LearnEnglishTests;
			productName = LearnEnglishTests;
			productReference = 7CF1E34D1E15EA3E0035B6D0 /* LearnEnglishTests.xctest */;
			productType = "com.apple.product-type.bundle.unit-test";
		};
		7CF1E3571E15EA3E0035B6D0 /* LearnEnglishUITests */ = {
			isa = PBXNativeTarget;
			buildConfigurationList = 7CF1E3671E15EA3E0035B6D0 /* Build configuration list for PBXNativeTarget "LearnEnglishUITests" */;
			buildPhases = (
				7CF1E3541E15EA3E0035B6D0 /* Sources */,
				7CF1E3551E15EA3E0035B6D0 /* Frameworks */,
				7CF1E3561E15EA3E0035B6D0 /* Resources */,
			);
			buildRules = (
			);
			dependencies = (
				7CF1E35A1E15EA3E0035B6D0 /* PBXTargetDependency */,
			);
			name = LearnEnglishUITests;
			productName = LearnEnglishUITests;
			productReference = 7CF1E3581E15EA3E0035B6D0 /* LearnEnglishUITests.xctest */;
			productType = "com.apple.product-type.bundle.ui-testing";
		};
/* End PBXNativeTarget section */

/* Begin PBXProject section */
		7CF1E32C1E15EA3E0035B6D0 /* Project object */ = {
			isa = PBXProject;
			attributes = {
				LastUpgradeCheck = 0820;
				ORGANIZATIONNAME = universe;
				TargetAttributes = {
					7CF1E3331E15EA3E0035B6D0 = {
						CreatedOnToolsVersion = 8.2;
						DevelopmentTeam = 754TY7VH2R;
						ProvisioningStyle = Automatic;
					};
					7CF1E34C1E15EA3E0035B6D0 = {
						CreatedOnToolsVersion = 8.2;
						ProvisioningStyle = Automatic;
						TestTargetID = 7CF1E3331E15EA3E0035B6D0;
					};
					7CF1E3571E15EA3E0035B6D0 = {
						CreatedOnToolsVersion = 8.2;
						ProvisioningStyle = Automatic;
						TestTargetID = 7CF1E3331E15EA3E0035B6D0;
					};
				};
			};
			buildConfigurationList = 7CF1E32F1E15EA3E0035B6D0 /* Build configuration list for PBXProject "LearnEnglish" */;
			compatibilityVersion = "Xcode 3.2";
			developmentRegion = English;
			hasScannedForEncodings = 0;
			knownRegions = (
				en,
				Base,
			);
			mainGroup = 7CF1E32B1E15EA3E0035B6D0;
			productRefGroup = 7CF1E3351E15EA3E0035B6D0 /* Products */;
			projectDirPath = "";
			projectRoot = "";
			targets = (
				7CF1E3331E15EA3E0035B6D0 /* LearnEnglish */,
				7CF1E34C1E15EA3E0035B6D0 /* LearnEnglishTests */,
				7CF1E3571E15EA3E0035B6D0 /* LearnEnglishUITests */,
			);
		};
/* End PBXProject section */

/* Begin PBXResourcesBuildPhase section */
		7CF1E3321E15EA3E0035B6D0 /* Resources */ = {
			isa = PBXResourcesBuildPhase;
			buildActionMask = 2147483647;
			files = (
				7CF1E3471E15EA3E0035B6D0 /* LaunchScreen.storyboard in Resources */,
				7CF1E3441E15EA3E0035B6D0 /* Assets.xcassets in Resources */,
				7CF1E3421E15EA3E0035B6D0 /* Main.storyboard in Resources */,
				7CC8FFBF1E16464500674990 /* UserinfoHeaderCell.xib in Resources */,
				7CC8FFA41E16224900674990 /* UNUserLoginRegisterController.xib in Resources */,
				7CC8FF911E160F6900674990 /* UNUserLeftHeaderCell.xib in Resources */,
				7C2373451E1B78720082099D /* UNStudentController.xib in Resources */,
				7CC8FFBC1E16464500674990 /* EditUserInfoViewController.xib in Resources */,
				7CC8FFAE1E1627F200674990 /* UNUserLoginRegisterDetailController.xib in Resources */,
			);
			runOnlyForDeploymentPostprocessing = 0;
		};
		7CF1E34B1E15EA3E0035B6D0 /* Resources */ = {
			isa = PBXResourcesBuildPhase;
			buildActionMask = 2147483647;
			files = (
			);
			runOnlyForDeploymentPostprocessing = 0;
		};
		7CF1E3561E15EA3E0035B6D0 /* Resources */ = {
			isa = PBXResourcesBuildPhase;
			buildActionMask = 2147483647;
			files = (
			);
			runOnlyForDeploymentPostprocessing = 0;
		};
/* End PBXResourcesBuildPhase section */

/* Begin PBXShellScriptBuildPhase section */
		066AFB5E71E3A6DAD8900663 /* [CP] Copy Pods Resources */ = {
			isa = PBXShellScriptBuildPhase;
			buildActionMask = 2147483647;
			files = (
			);
			inputPaths = (
			);
			name = "[CP] Copy Pods Resources";
			outputPaths = (
			);
			runOnlyForDeploymentPostprocessing = 0;
			shellPath = /bin/sh;
			shellScript = "\"${SRCROOT}/Pods/Target Support Files/Pods-LearnEnglish/Pods-LearnEnglish-resources.sh\"\n";
			showEnvVarsInLog = 0;
		};
		1F08637208A7D2514A69D9CE /* [CP] Embed Pods Frameworks */ = {
			isa = PBXShellScriptBuildPhase;
			buildActionMask = 2147483647;
			files = (
			);
			inputPaths = (
			);
			name = "[CP] Embed Pods Frameworks";
			outputPaths = (
			);
			runOnlyForDeploymentPostprocessing = 0;
			shellPath = /bin/sh;
			shellScript = "\"${SRCROOT}/Pods/Target Support Files/Pods-LearnEnglish/Pods-LearnEnglish-frameworks.sh\"\n";
			showEnvVarsInLog = 0;
		};
		2963D137645412C50A6CE7FF /* [CP] Check Pods Manifest.lock */ = {
			isa = PBXShellScriptBuildPhase;
			buildActionMask = 2147483647;
			files = (
			);
			inputPaths = (
			);
			name = "[CP] Check Pods Manifest.lock";
			outputPaths = (
			);
			runOnlyForDeploymentPostprocessing = 0;
			shellPath = /bin/sh;
			shellScript = "diff \"${PODS_ROOT}/../Podfile.lock\" \"${PODS_ROOT}/Manifest.lock\" > /dev/null\nif [ $? != 0 ] ; then\n    # print error to STDERR\n    echo \"error: The sandbox is not in sync with the Podfile.lock. Run 'pod install' or update your CocoaPods installation.\" >&2\n    exit 1\nfi\n";
			showEnvVarsInLog = 0;
		};
/* End PBXShellScriptBuildPhase section */

/* Begin PBXSourcesBuildPhase section */
		7CF1E3301E15EA3E0035B6D0 /* Sources */ = {
			isa = PBXSourcesBuildPhase;
			buildActionMask = 2147483647;
			files = (
				7CC8FF9F1E16215700674990 /* UIView+HUD.m in Sources */,
				7CC8FFBE1E16464500674990 /* UserinfoHeaderCell.m in Sources */,
				7C2373321E1B3E8E0082099D /* RNFrostedSidebar.m in Sources */,
				7CC8FFC21E164A0C00674990 /* UserInfoModel.m in Sources */,
				7CC8FFAD1E1627F200674990 /* UNUserLoginRegisterDetailController.m in Sources */,
				7CF1E3831E15F6660035B6D0 /* UNLeftMenuController.m in Sources */,
				7CC8FFBD1E16464500674990 /* UNUserInfoController.m in Sources */,
				7CF1E33C1E15EA3E0035B6D0 /* AppDelegate.m in Sources */,
				7CC8FFBB1E16464500674990 /* EditUserInfoViewController.m in Sources */,
				7CC8FF901E160F6900674990 /* UNUserLeftHeaderCell.m in Sources */,
				7C2373401E1B6C1C0082099D /* UNStudentsListController.m in Sources */,
				7CF1E3391E15EA3E0035B6D0 /* main.m in Sources */,
				7CF1E3731E15F3EB0035B6D0 /* RESideMenu.m in Sources */,
				7CF1E37F1E15F6070035B6D0 /* UNMainTableViewController.m in Sources */,
				7CC8FFA31E16224900674990 /* UNUserLoginRegisterController.m in Sources */,
				7CF1E3721E15F3EB0035B6D0 /* RECommonFunctions.m in Sources */,
				7C2373441E1B78720082099D /* UNStudentController.m in Sources */,
				7CC8FF9D1E16215700674990 /* NSObject+Parse.m in Sources */,
				7CC8FF8C1E160A7D00674990 /* UNSetUpController.m in Sources */,
				7CC8FF9E1E16215700674990 /* UIColor+RandomColor.m in Sources */,
				7CF1E3741E15F3EB0035B6D0 /* UIViewController+RESideMenu.m in Sources */,
				7C23733D1E1B41CF0082099D /* UNClassListController.m in Sources */,
			);
			runOnlyForDeploymentPostprocessing = 0;
		};
		7CF1E3491E15EA3E0035B6D0 /* Sources */ = {
			isa = PBXSourcesBuildPhase;
			buildActionMask = 2147483647;
			files = (
				7CF1E3521E15EA3E0035B6D0 /* LearnEnglishTests.m in Sources */,
			);
			runOnlyForDeploymentPostprocessing = 0;
		};
		7CF1E3541E15EA3E0035B6D0 /* Sources */ = {
			isa = PBXSourcesBuildPhase;
			buildActionMask = 2147483647;
			files = (
				7CF1E35D1E15EA3E0035B6D0 /* LearnEnglishUITests.m in Sources */,
			);
			runOnlyForDeploymentPostprocessing = 0;
		};
/* End PBXSourcesBuildPhase section */

/* Begin PBXTargetDependency section */
		7CF1E34F1E15EA3E0035B6D0 /* PBXTargetDependency */ = {
			isa = PBXTargetDependency;
			target = 7CF1E3331E15EA3E0035B6D0 /* LearnEnglish */;
			targetProxy = 7CF1E34E1E15EA3E0035B6D0 /* PBXContainerItemProxy */;
		};
		7CF1E35A1E15EA3E0035B6D0 /* PBXTargetDependency */ = {
			isa = PBXTargetDependency;
			target = 7CF1E3331E15EA3E0035B6D0 /* LearnEnglish */;
			targetProxy = 7CF1E3591E15EA3E0035B6D0 /* PBXContainerItemProxy */;
		};
/* End PBXTargetDependency section */

/* Begin PBXVariantGroup section */
		7CF1E3401E15EA3E0035B6D0 /* Main.storyboard */ = {
			isa = PBXVariantGroup;
			children = (
				7CF1E3411E15EA3E0035B6D0 /* Base */,
			);
			name = Main.storyboard;
			sourceTree = "<group>";
		};
		7CF1E3451E15EA3E0035B6D0 /* LaunchScreen.storyboard */ = {
			isa = PBXVariantGroup;
			children = (
				7CF1E3461E15EA3E0035B6D0 /* Base */,
			);
			name = LaunchScreen.storyboard;
			sourceTree = "<group>";
		};
/* End PBXVariantGroup section */

/* Begin XCBuildConfiguration section */
		7CF1E35F1E15EA3E0035B6D0 /* Debug */ = {
			isa = XCBuildConfiguration;
			buildSettings = {
				ALWAYS_SEARCH_USER_PATHS = NO;
				CLANG_ANALYZER_NONNULL = YES;
				CLANG_CXX_LANGUAGE_STANDARD = "gnu++0x";
				CLANG_CXX_LIBRARY = "libc++";
				CLANG_ENABLE_MODULES = YES;
				CLANG_ENABLE_OBJC_ARC = YES;
				CLANG_WARN_BOOL_CONVERSION = YES;
				CLANG_WARN_CONSTANT_CONVERSION = YES;
				CLANG_WARN_DIRECT_OBJC_ISA_USAGE = YES_ERROR;
				CLANG_WARN_DOCUMENTATION_COMMENTS = YES;
				CLANG_WARN_EMPTY_BODY = YES;
				CLANG_WARN_ENUM_CONVERSION = YES;
				CLANG_WARN_INFINITE_RECURSION = YES;
				CLANG_WARN_INT_CONVERSION = YES;
				CLANG_WARN_OBJC_ROOT_CLASS = YES_ERROR;
				CLANG_WARN_SUSPICIOUS_MOVE = YES;
				CLANG_WARN_UNREACHABLE_CODE = YES;
				CLANG_WARN__DUPLICATE_METHOD_MATCH = YES;
				"CODE_SIGN_IDENTITY[sdk=iphoneos*]" = "iPhone Developer";
				COPY_PHASE_STRIP = NO;
				DEBUG_INFORMATION_FORMAT = dwarf;
				ENABLE_STRICT_OBJC_MSGSEND = YES;
				ENABLE_TESTABILITY = YES;
				GCC_C_LANGUAGE_STANDARD = gnu99;
				GCC_DYNAMIC_NO_PIC = NO;
				GCC_NO_COMMON_BLOCKS = YES;
				GCC_OPTIMIZATION_LEVEL = 0;
				GCC_PREPROCESSOR_DEFINITIONS = (
					"DEBUG=1",
					"$(inherited)",
				);
				GCC_WARN_64_TO_32_BIT_CONVERSION = YES;
				GCC_WARN_ABOUT_RETURN_TYPE = YES_ERROR;
				GCC_WARN_UNDECLARED_SELECTOR = YES;
				GCC_WARN_UNINITIALIZED_AUTOS = YES_AGGRESSIVE;
				GCC_WARN_UNUSED_FUNCTION = YES;
				GCC_WARN_UNUSED_VARIABLE = YES;
				IPHONEOS_DEPLOYMENT_TARGET = 10.2;
				MTL_ENABLE_DEBUG_INFO = YES;
				ONLY_ACTIVE_ARCH = YES;
				SDKROOT = iphoneos;
			};
			name = Debug;
		};
		7CF1E3601E15EA3E0035B6D0 /* Release */ = {
			isa = XCBuildConfiguration;
			buildSettings = {
				ALWAYS_SEARCH_USER_PATHS = NO;
				CLANG_ANALYZER_NONNULL = YES;
				CLANG_CXX_LANGUAGE_STANDARD = "gnu++0x";
				CLANG_CXX_LIBRARY = "libc++";
				CLANG_ENABLE_MODULES = YES;
				CLANG_ENABLE_OBJC_ARC = YES;
				CLANG_WARN_BOOL_CONVERSION = YES;
				CLANG_WARN_CONSTANT_CONVERSION = YES;
				CLANG_WARN_DIRECT_OBJC_ISA_USAGE = YES_ERROR;
				CLANG_WARN_DOCUMENTATION_COMMENTS = YES;
				CLANG_WARN_EMPTY_BODY = YES;
				CLANG_WARN_ENUM_CONVERSION = YES;
				CLANG_WARN_INFINITE_RECURSION = YES;
				CLANG_WARN_INT_CONVERSION = YES;
				CLANG_WARN_OBJC_ROOT_CLASS = YES_ERROR;
				CLANG_WARN_SUSPICIOUS_MOVE = YES;
				CLANG_WARN_UNREACHABLE_CODE = YES;
				CLANG_WARN__DUPLICATE_METHOD_MATCH = YES;
				"CODE_SIGN_IDENTITY[sdk=iphoneos*]" = "iPhone Developer";
				COPY_PHASE_STRIP = NO;
				DEBUG_INFORMATION_FORMAT = "dwarf-with-dsym";
				ENABLE_NS_ASSERTIONS = NO;
				ENABLE_STRICT_OBJC_MSGSEND = YES;
				GCC_C_LANGUAGE_STANDARD = gnu99;
				GCC_NO_COMMON_BLOCKS = YES;
				GCC_WARN_64_TO_32_BIT_CONVERSION = YES;
				GCC_WARN_ABOUT_RETURN_TYPE = YES_ERROR;
				GCC_WARN_UNDECLARED_SELECTOR = YES;
				GCC_WARN_UNINITIALIZED_AUTOS = YES_AGGRESSIVE;
				GCC_WARN_UNUSED_FUNCTION = YES;
				GCC_WARN_UNUSED_VARIABLE = YES;
				IPHONEOS_DEPLOYMENT_TARGET = 10.2;
				MTL_ENABLE_DEBUG_INFO = NO;
				SDKROOT = iphoneos;
				VALIDATE_PRODUCT = YES;
			};
			name = Release;
		};
		7CF1E3621E15EA3E0035B6D0 /* Debug */ = {
			isa = XCBuildConfiguration;
			baseConfigurationReference = 9A8A6D32C55A47ABADC0FC6C /* Pods-LearnEnglish.debug.xcconfig */;
			buildSettings = {
				ASSETCATALOG_COMPILER_APPICON_NAME = AppIcon;
				DEVELOPMENT_TEAM = 754TY7VH2R;
				ENABLE_BITCODE = NO;
				GCC_PREFIX_HEADER = LearnEnglish/PrefixHeader.pch;
				INFOPLIST_FILE = LearnEnglish/Info.plist;
				IPHONEOS_DEPLOYMENT_TARGET = 8.1;
				LD_RUNPATH_SEARCH_PATHS = "$(inherited) @executable_path/Frameworks";
				PRODUCT_BUNDLE_IDENTIFIER = hi.universe.LearnEnglish;
				PRODUCT_NAME = "$(TARGET_NAME)";
			};
			name = Debug;
		};
		7CF1E3631E15EA3E0035B6D0 /* Release */ = {
			isa = XCBuildConfiguration;
			baseConfigurationReference = D5EFBA307CB07E96FA01BDC7 /* Pods-LearnEnglish.release.xcconfig */;
			buildSettings = {
				ASSETCATALOG_COMPILER_APPICON_NAME = AppIcon;
				DEVELOPMENT_TEAM = 754TY7VH2R;
				ENABLE_BITCODE = NO;
				GCC_PREFIX_HEADER = LearnEnglish/PrefixHeader.pch;
				INFOPLIST_FILE = LearnEnglish/Info.plist;
				IPHONEOS_DEPLOYMENT_TARGET = 8.1;
				LD_RUNPATH_SEARCH_PATHS = "$(inherited) @executable_path/Frameworks";
				PRODUCT_BUNDLE_IDENTIFIER = hi.universe.LearnEnglish;
				PRODUCT_NAME = "$(TARGET_NAME)";
			};
			name = Release;
		};
		7CF1E3651E15EA3E0035B6D0 /* Debug */ = {
			isa = XCBuildConfiguration;
			buildSettings = {
				BUNDLE_LOADER = "$(TEST_HOST)";
				INFOPLIST_FILE = LearnEnglishTests/Info.plist;
				LD_RUNPATH_SEARCH_PATHS = "$(inherited) @executable_path/Frameworks @loader_path/Frameworks";
				PRODUCT_BUNDLE_IDENTIFIER = hi.universe.LearnEnglishTests;
				PRODUCT_NAME = "$(TARGET_NAME)";
				TEST_HOST = "$(BUILT_PRODUCTS_DIR)/LearnEnglish.app/LearnEnglish";
			};
			name = Debug;
		};
		7CF1E3661E15EA3E0035B6D0 /* Release */ = {
			isa = XCBuildConfiguration;
			buildSettings = {
				BUNDLE_LOADER = "$(TEST_HOST)";
				INFOPLIST_FILE = LearnEnglishTests/Info.plist;
				LD_RUNPATH_SEARCH_PATHS = "$(inherited) @executable_path/Frameworks @loader_path/Frameworks";
				PRODUCT_BUNDLE_IDENTIFIER = hi.universe.LearnEnglishTests;
				PRODUCT_NAME = "$(TARGET_NAME)";
				TEST_HOST = "$(BUILT_PRODUCTS_DIR)/LearnEnglish.app/LearnEnglish";
			};
			name = Release;
		};
		7CF1E3681E15EA3E0035B6D0 /* Debug */ = {
			isa = XCBuildConfiguration;
			buildSettings = {
				INFOPLIST_FILE = LearnEnglishUITests/Info.plist;
				LD_RUNPATH_SEARCH_PATHS = "$(inherited) @executable_path/Frameworks @loader_path/Frameworks";
				PRODUCT_BUNDLE_IDENTIFIER = hi.universe.LearnEnglishUITests;
				PRODUCT_NAME = "$(TARGET_NAME)";
				TEST_TARGET_NAME = LearnEnglish;
			};
			name = Debug;
		};
		7CF1E3691E15EA3E0035B6D0 /* Release */ = {
			isa = XCBuildConfiguration;
			buildSettings = {
				INFOPLIST_FILE = LearnEnglishUITests/Info.plist;
				LD_RUNPATH_SEARCH_PATHS = "$(inherited) @executable_path/Frameworks @loader_path/Frameworks";
				PRODUCT_BUNDLE_IDENTIFIER = hi.universe.LearnEnglishUITests;
				PRODUCT_NAME = "$(TARGET_NAME)";
				TEST_TARGET_NAME = LearnEnglish;
			};
			name = Release;
		};
/* End XCBuildConfiguration section */

/* Begin XCConfigurationList section */
		7CF1E32F1E15EA3E0035B6D0 /* Build configuration list for PBXProject "LearnEnglish" */ = {
			isa = XCConfigurationList;
			buildConfigurations = (
				7CF1E35F1E15EA3E0035B6D0 /* Debug */,
				7CF1E3601E15EA3E0035B6D0 /* Release */,
			);
			defaultConfigurationIsVisible = 0;
			defaultConfigurationName = Release;
		};
		7CF1E3611E15EA3E0035B6D0 /* Build configuration list for PBXNativeTarget "LearnEnglish" */ = {
			isa = XCConfigurationList;
			buildConfigurations = (
				7CF1E3621E15EA3E0035B6D0 /* Debug */,
				7CF1E3631E15EA3E0035B6D0 /* Release */,
			);
			defaultConfigurationIsVisible = 0;
			defaultConfigurationName = Release;
		};
		7CF1E3641E15EA3E0035B6D0 /* Build configuration list for PBXNativeTarget "LearnEnglishTests" */ = {
			isa = XCConfigurationList;
			buildConfigurations = (
				7CF1E3651E15EA3E0035B6D0 /* Debug */,
				7CF1E3661E15EA3E0035B6D0 /* Release */,
			);
			defaultConfigurationIsVisible = 0;
			defaultConfigurationName = Release;
		};
		7CF1E3671E15EA3E0035B6D0 /* Build configuration list for PBXNativeTarget "LearnEnglishUITests" */ = {
			isa = XCConfigurationList;
			buildConfigurations = (
				7CF1E3681E15EA3E0035B6D0 /* Debug */,
				7CF1E3691E15EA3E0035B6D0 /* Release */,
			);
			defaultConfigurationIsVisible = 0;
			defaultConfigurationName = Release;
		};
/* End XCConfigurationList section */
	};
	rootObject = 7CF1E32C1E15EA3E0035B6D0 /* Project object */;
}
